
Microsoft Visual Studio Solution File, Format Version 12.00
# Visual Studio 15
VisualStudioVersion = 15.6.27428.1
MinimumVisualStudioVersion = 10.0.40219.1
Project("{FAE04EC0-301F-11D3-BF4B-00C04F79EFBC}") = "HypnoseARV3", "HypnoseARV3\HypnoseARV3.csproj", "{13A45C13-3265-47B8-BC48-A553B569DF55}"
EndProject
Project("{FAE04EC0-301F-11D3-BF4B-00C04F79EFBC}") = "Assembly-CSharp", "C:\Users\Romain\Documents\Unity\HypnoseARV3\Apps\V5\GeneratedProjects\UWP\Assembly-CSharp\Assembly-CSharp.csproj", "{05F51E23-2F4D-441F-9D2E-DF6F1E5788C1}"
EndProject
Project("{FAE04EC0-301F-11D3-BF4B-00C04F79EFBC}") = "Assembly-CSharp-firstpass", "C:\Users\Romain\Documents\Unity\HypnoseARV3\Apps\V5\GeneratedProjects\UWP\Assembly-CSharp-firstpass\Assembly-CSharp-firstpass.csproj", "{43E3FB94-045F-4413-ACF0-4A52550ADF36}"
EndProject
Global
	GlobalSection(SolutionConfigurationPlatforms) = preSolution
		Debug|ARM = Debug|ARM
		Debug|x64 = Debug|x64
		Debug|x86 = Debug|x86
		Master|ARM = Master|ARM
		Master|x64 = Master|x64
		Master|x86 = Master|x86
		Release|ARM = Release|ARM
		Release|x64 = Release|x64
		Release|x86 = Release|x86
	EndGlobalSection
	GlobalSection(ProjectConfigurationPlatforms) = postSolution
		{13A45C13-3265-47B8-BC48-A553B569DF55}.Debug|ARM.ActiveCfg = Debug|ARM
		{13A45C13-3265-47B8-BC48-A553B569DF55}.Debug|ARM.Build.0 = Debug|ARM
		{13A45C13-3265-47B8-BC48-A553B569DF55}.Debug|ARM.Deploy.0 = Debug|ARM
		{13A45C13-3265-47B8-BC48-A553B569DF55}.Debug|x64.ActiveCfg = Debug|x64
		{13A45C13-3265-47B8-BC48-A553B569DF55}.Debug|x64.Build.0 = Debug|x64
		{13A45C13-3265-47B8-BC48-A553B569DF55}.Debug|x64.Deploy.0 = Debug|x64
		{13A45C13-3265-47B8-BC48-A553B569DF55}.Debug|x86.ActiveCfg = Debug|x86
		{13A45C13-3265-47B8-BC48-A553B569DF55}.Debug|x86.Build.0 = Debug|x86
		{13A45C13-3265-47B8-BC48-A553B569DF55}.Debug|x86.Deploy.0 = Debug|x86
		{13A45C13-3265-47B8-BC48-A553B569DF55}.Master|ARM.ActiveCfg = Master|ARM
		{13A45C13-3265-47B8-BC48-A553B569DF55}.Master|ARM.Build.0 = Master|ARM
		{13A45C13-3265-47B8-BC48-A553B569DF55}.Master|ARM.Deploy.0 = Master|ARM
		{13A45C13-3265-47B8-BC48-A553B569DF55}.Master|x64.ActiveCfg = Master|x64
		{13A45C13-3265-47B8-BC48-A553B569DF55}.Master|x64.Build.0 = Master|x64
		{13A45C13-3265-47B8-BC48-A553B569DF55}.Master|x64.Deploy.0 = Master|x64
		{13A45C13-3265-47B8-BC48-A553B569DF55}.Master|x86.ActiveCfg = Master|x86
		{13A45C13-3265-47B8-BC48-A553B569DF55}.Master|x86.Build.0 = Master|x86
		{13A45C13-3265-47B8-BC48-A553B569DF55}.Master|x86.Deploy.0 = Master|x86
		{13A45C13-3265-47B8-BC48-A553B569DF55}.Release|ARM.ActiveCfg = Release|ARM
		{13A45C13-3265-47B8-BC48-A553B569DF55}.Release|ARM.Build.0 = Release|ARM
		{13A45C13-3265-47B8-BC48-A553B569DF55}.Release|ARM.Deploy.0 = Release|ARM
		{13A45C13-3265-47B8-BC48-A553B569DF55}.Release|x64.ActiveCfg = Release|x64
		{13A45C13-3265-47B8-BC48-A553B569DF55}.Release|x64.Build.0 = Release|x64
		{13A45C13-3265-47B8-BC48-A553B569DF55}.Release|x64.Deploy.0 = Release|x64
		{13A45C13-3265-47B8-BC48-A553B569DF55}.Release|x86.ActiveCfg = Release|x86
		{13A45C13-3265-47B8-BC48-A553B569DF55}.Release|x86.Build.0 = Release|x86
		{13A45C13-3265-47B8-BC48-A553B569DF55}.Release|x86.Deploy.0 = Release|x86
		{05F51E23-2F4D-441F-9D2E-DF6F1E5788C1}.Debug|ARM.ActiveCfg = Debug|ARM
		{05F51E23-2F4D-441F-9D2E-DF6F1E5788C1}.Debug|ARM.Build.0 = Debug|ARM
		{05F51E23-2F4D-441F-9D2E-DF6F1E5788C1}.Debug|x64.ActiveCfg = Debug|x64
		{05F51E23-2F4D-441F-9D2E-DF6F1E5788C1}.Debug|x64.Build.0 = Debug|x64
		{05F51E23-2F4D-441F-9D2E-DF6F1E5788C1}.Debug|x86.ActiveCfg = Debug|x86
		{05F51E23-2F4D-441F-9D2E-DF6F1E5788C1}.Debug|x86.Build.0 = Debug|x86
		{05F51E23-2F4D-441F-9D2E-DF6F1E5788C1}.Master|ARM.ActiveCfg = Master|ARM
		{05F51E23-2F4D-441F-9D2E-DF6F1E5788C1}.Master|ARM.Build.0 = Master|ARM
		{05F51E23-2F4D-441F-9D2E-DF6F1E5788C1}.Master|x64.ActiveCfg = Master|x64
		{05F51E23-2F4D-441F-9D2E-DF6F1E5788C1}.Master|x64.Build.0 = Master|x64
		{05F51E23-2F4D-441F-9D2E-DF6F1E5788C1}.Master|x86.ActiveCfg = Master|x86
		{05F51E23-2F4D-441F-9D2E-DF6F1E5788C1}.Master|x86.Build.0 = Master|x86
		{05F51E23-2F4D-441F-9D2E-DF6F1E5788C1}.Release|ARM.ActiveCfg = Release|ARM
		{05F51E23-2F4D-441F-9D2E-DF6F1E5788C1}.Release|ARM.Build.0 = Release|ARM
		{05F51E23-2F4D-441F-9D2E-DF6F1E5788C1}.Release|x64.ActiveCfg = Release|x64
		{05F51E23-2F4D-441F-9D2E-DF6F1E5788C1}.Release|x64.Build.0 = Release|x64
		{05F51E23-2F4D-441F-9D2E-DF6F1E5788C1}.Release|x86.ActiveCfg = Release|x86
		{05F51E23-2F4D-441F-9D2E-DF6F1E5788C1}.Release|x86.Build.0 = Release|x86
		{43E3FB94-045F-4413-ACF0-4A52550ADF36}.Debug|ARM.ActiveCfg = Debug|ARM
		{43E3FB94-045F-4413-ACF0-4A52550ADF36}.Debug|ARM.Build.0 = Debug|ARM
		{43E3FB94-045F-4413-ACF0-4A52550ADF36}.Debug|x64.ActiveCfg = Debug|x64
		{43E3FB94-045F-4413-ACF0-4A52550ADF36}.Debug|x64.Build.0 = Debug|x64
		{43E3FB94-045F-4413-ACF0-4A52550ADF36}.Debug|x86.ActiveCfg = Debug|x86
		{43E3FB94-045F-4413-ACF0-4A52550ADF36}.Debug|x86.Build.0 = Debug|x86
		{43E3FB94-045F-4413-ACF0-4A52550ADF36}.Master|ARM.ActiveCfg = Master|ARM
		{43E3FB94-045F-4413-ACF0-4A52550ADF36}.Master|ARM.Build.0 = Master|ARM
		{43E3FB94-045F-4413-ACF0-4A52550ADF36}.Master|x64.ActiveCfg = Master|x64
		{43E3FB94-045F-4413-ACF0-4A52550ADF36}.Master|x64.Build.0 = Master|x64
		{43E3FB94-045F-4413-ACF0-4A52550ADF36}.Master|x86.ActiveCfg = Master|x86
		{43E3FB94-045F-4413-ACF0-4A52550ADF36}.Master|x86.Build.0 = Master|x86
		{43E3FB94-045F-4413-ACF0-4A52550ADF36}.Release|ARM.ActiveCfg = Release|ARM
		{43E3FB94-045F-4413-ACF0-4A52550ADF36}.Release|ARM.Build.0 = Release|ARM
		{43E3FB94-045F-4413-ACF0-4A52550ADF36}.Release|x64.ActiveCfg = Release|x64
		{43E3FB94-045F-4413-ACF0-4A52550ADF36}.Release|x64.Build.0 = Release|x64
		{43E3FB94-045F-4413-ACF0-4A52550ADF36}.Release|x86.ActiveCfg = Release|x86
		{43E3FB94-045F-4413-ACF0-4A52550ADF36}.Release|x86.Build.0 = Release|x86
	EndGlobalSection
	GlobalSection(SolutionProperties) = preSolution
		HideSolutionNode = FALSE
	EndGlobalSection
	GlobalSection(ExtensibilityGlobals) = postSolution
		SolutionGuid = {33AFF78E-2035-4C38-A3A4-FE96517D739A}
	EndGlobalSection
EndGlobal
